// !$*UTF8*$!
{
	archiveVersion = 1;
	classes = {
	};
	objectVersion = 46;
	objects = {

/* Begin PBXBuildFile section */
		3F0D95C81C5A943000417681 /* College.swift in Sources */ = {isa = PBXBuildFile; fileRef = 3F0D95C71C5A943000417681 /* College.swift */; };
		3F696BAF1C4FFCC800EDAFDD /* AppDelegate.swift in Sources */ = {isa = PBXBuildFile; fileRef = 3F696BAE1C4FFCC800EDAFDD /* AppDelegate.swift */; };
		3F696BB11C4FFCC800EDAFDD /* ViewController.swift in Sources */ = {isa = PBXBuildFile; fileRef = 3F696BB01C4FFCC800EDAFDD /* ViewController.swift */; };
		3F696BB41C4FFCC800EDAFDD /* Main.storyboard in Resources */ = {isa = PBXBuildFile; fileRef = 3F696BB21C4FFCC800EDAFDD /* Main.storyboard */; };
		3F696BB61C4FFCC800EDAFDD /* Assets.xcassets in Resources */ = {isa = PBXBuildFile; fileRef = 3F696BB51C4FFCC800EDAFDD /* Assets.xcassets */; };
		3F696BB91C4FFCC800EDAFDD /* LaunchScreen.storyboard in Resources */ = {isa = PBXBuildFile; fileRef = 3F696BB71C4FFCC800EDAFDD /* LaunchScreen.storyboard */; };
		3F696BC41C4FFCC900EDAFDD /* College_Profile_BuilderTests.swift in Sources */ = {isa = PBXBuildFile; fileRef = 3F696BC31C4FFCC900EDAFDD /* College_Profile_BuilderTests.swift */; };
		3F696BCF1C4FFCC900EDAFDD /* College_Profile_BuilderUITests.swift in Sources */ = {isa = PBXBuildFile; fileRef = 3F696BCE1C4FFCC900EDAFDD /* College_Profile_BuilderUITests.swift */; };
/* End PBXBuildFile section */

/* Begin PBXContainerItemProxy section */
		3F696BC01C4FFCC900EDAFDD /* PBXContainerItemProxy */ = {
			isa = PBXContainerItemProxy;
			containerPortal = 3F696BA31C4FFCC800EDAFDD /* Project object */;
			proxyType = 1;
			remoteGlobalIDString = 3F696BAA1C4FFCC800EDAFDD;
			remoteInfo = "College Profile Builder";
		};
		3F696BCB1C4FFCC900EDAFDD /* PBXContainerItemProxy */ = {
			isa = PBXContainerItemProxy;
			containerPortal = 3F696BA31C4FFCC800EDAFDD /* Project object */;
			proxyType = 1;
			remoteGlobalIDString = 3F696BAA1C4FFCC800EDAFDD;
			remoteInfo = "College Profile Builder";
		};
/* End PBXContainerItemProxy section */

/* Begin PBXFileReference section */
		3F0D95C71C5A943000417681 /* College.swift */ = {isa = PBXFileReference; fileEncoding = 4; lastKnownFileType = sourcecode.swift; path = College.swift; sourceTree = "<group>"; };
		3F696BAB1C4FFCC800EDAFDD /* College Profile Builder.app */ = {isa = PBXFileReference; explicitFileType = wrapper.application; includeInIndex = 0; path = "College Profile Builder.app"; sourceTree = BUILT_PRODUCTS_DIR; };
		3F696BAE1C4FFCC800EDAFDD /* AppDelegate.swift */ = {isa = PBXFileReference; lastKnownFileType = sourcecode.swift; path = AppDelegate.swift; sourceTree = "<group>"; };
		3F696BB01C4FFCC800EDAFDD /* ViewController.swift */ = {isa = PBXFileReference; lastKnownFileType = sourcecode.swift; path = ViewController.swift; sourceTree = "<group>"; };
		3F696BB31C4FFCC800EDAFDD /* Base */ = {isa = PBXFileReference; lastKnownFileType = file.storyboard; name = Base; path = Base.lproj/Main.storyboard; sourceTree = "<group>"; };
		3F696BB51C4FFCC800EDAFDD /* Assets.xcassets */ = {isa = PBXFileReference; lastKnownFileType = folder.assetcatalog; path = Assets.xcassets; sourceTree = "<group>"; };
		3F696BB81C4FFCC800EDAFDD /* Base */ = {isa = PBXFileReference; lastKnownFileType = file.storyboard; name = Base; path = Base.lproj/LaunchScreen.storyboard; sourceTree = "<group>"; };
		3F696BBA1C4FFCC800EDAFDD /* Info.plist */ = {isa = PBXFileReference; lastKnownFileType = text.plist.xml; path = Info.plist; sourceTree = "<group>"; };
		3F696BBF1C4FFCC900EDAFDD /* College Profile BuilderTests.xctest */ = {isa = PBXFileReference; explicitFileType = wrapper.cfbundle; includeInIndex = 0; path = "College Profile BuilderTests.xctest"; sourceTree = BUILT_PRODUCTS_DIR; };
		3F696BC31C4FFCC900EDAFDD /* College_Profile_BuilderTests.swift */ = {isa = PBXFileReference; lastKnownFileType = sourcecode.swift; path = College_Profile_BuilderTests.swift; sourceTree = "<group>"; };
		3F696BC51C4FFCC900EDAFDD /* Info.plist */ = {isa = PBXFileReference; lastKnownFileType = text.plist.xml; path = Info.plist; sourceTree = "<group>"; };
		3F696BCA1C4FFCC900EDAFDD /* College Profile BuilderUITests.xctest */ = {isa = PBXFileReference; explicitFileType = wrapper.cfbundle; includeInIndex = 0; path = "College Profile BuilderUITests.xctest"; sourceTree = BUILT_PRODUCTS_DIR; };
		3F696BCE1C4FFCC900EDAFDD /* College_Profile_BuilderUITests.swift */ = {isa = PBXFileReference; lastKnownFileType = sourcecode.swift; path = College_Profile_BuilderUITests.swift; sourceTree = "<group>"; };
		3F696BD01C4FFCC900EDAFDD /* Info.plist */ = {isa = PBXFileReference; lastKnownFileType = text.plist.xml; path = Info.plist; sourceTree = "<group>"; };
/* End PBXFileReference section */

/* Begin PBXFrameworksBuildPhase section */
		3F696BA81C4FFCC800EDAFDD /* Frameworks */ = {
			isa = PBXFrameworksBuildPhase;
			buildActionMask = 2147483647;
			files = (
			);
			runOnlyForDeploymentPostprocessing = 0;
		};
		3F696BBC1C4FFCC900EDAFDD /* Frameworks */ = {
			isa = PBXFrameworksBuildPhase;
			buildActionMask = 2147483647;
			files = (
			);
			runOnlyForDeploymentPostprocessing = 0;
		};
		3F696BC71C4FFCC900EDAFDD /* Frameworks */ = {
			isa = PBXFrameworksBuildPhase;
			buildActionMask = 2147483647;
			files = (
			);
			runOnlyForDeploymentPostprocessing = 0;
		};
/* End PBXFrameworksBuildPhase section */

/* Begin PBXGroup section */
		3F696BA21C4FFCC800EDAFDD = {
			isa = PBXGroup;
			children = (
				3F696BAD1C4FFCC800EDAFDD /* College Profile Builder */,
				3F696BC21C4FFCC900EDAFDD /* College Profile BuilderTests */,
				3F696BCD1C4FFCC900EDAFDD /* College Profile BuilderUITests */,
				3F696BAC1C4FFCC800EDAFDD /* Products */,
			);
			sourceTree = "<group>";
		};
		3F696BAC1C4FFCC800EDAFDD /* Products */ = {
			isa = PBXGroup;
			children = (
				3F696BAB1C4FFCC800EDAFDD /* College Profile Builder.app */,
				3F696BBF1C4FFCC900EDAFDD /* College Profile BuilderTests.xctest */,
				3F696BCA1C4FFCC900EDAFDD /* College Profile BuilderUITests.xctest */,
			);
			name = Products;
			sourceTree = "<group>";
		};
		3F696BAD1C4FFCC800EDAFDD /* College Profile Builder */ = {
			isa = PBXGroup;
			children = (
				3F696BAE1C4FFCC800EDAFDD /* AppDelegate.swift */,
				3F696BB01C4FFCC800EDAFDD /* ViewController.swift */,
				3F696BB21C4FFCC800EDAFDD /* Main.storyboard */,
				3F0D95C71C5A943000417681 /* College.swift */,
				3F696BB51C4FFCC800EDAFDD /* Assets.xcassets */,
				3F696BB71C4FFCC800EDAFDD /* LaunchScreen.storyboard */,
				3F696BBA1C4FFCC800EDAFDD /* Info.plist */,
			);
			path = "College Profile Builder";
			sourceTree = "<group>";
		};
		3F696BC21C4FFCC900EDAFDD /* College Profile BuilderTests */ = {
			isa = PBXGroup;
			children = (
				3F696BC31C4FFCC900EDAFDD /* College_Profile_BuilderTests.swift */,
				3F696BC51C4FFCC900EDAFDD /* Info.plist */,
			);
			path = "College Profile BuilderTests";
			sourceTree = "<group>";
		};
		3F696BCD1C4FFCC900EDAFDD /* College Profile BuilderUITests */ = {
			isa = PBXGroup;
			children = (
				3F696BCE1C4FFCC900EDAFDD /* College_Profile_BuilderUITests.swift */,
				3F696BD01C4FFCC900EDAFDD /* Info.plist */,
			);
			path = "College Profile BuilderUITests";
			sourceTree = "<group>";
		};
/* End PBXGroup section */

/* Begin PBXNativeTarget section */
		3F696BAA1C4FFCC800EDAFDD /* College Profile Builder */ = {
			isa = PBXNativeTarget;
			buildConfigurationList = 3F696BD31C4FFCC900EDAFDD /* Build configuration list for PBXNativeTarget "College Profile Builder" */;
			buildPhases = (
				3F696BA71C4FFCC800EDAFDD /* Sources */,
				3F696BA81C4FFCC800EDAFDD /* Frameworks */,
				3F696BA91C4FFCC800EDAFDD /* Resources */,
			);
			buildRules = (
			);
			dependencies = (
			);
			name = "College Profile Builder";
			productName = "College Profile Builder";
			productReference = 3F696BAB1C4FFCC800EDAFDD /* College Profile Builder.app */;
			productType = "com.apple.product-type.application";
		};
		3F696BBE1C4FFCC900EDAFDD /* College Profile BuilderTests */ = {
			isa = PBXNativeTarget;
			buildConfigurationList = 3F696BD61C4FFCC900EDAFDD /* Build configuration list for PBXNativeTarget "College Profile BuilderTests" */;
			buildPhases = (
				3F696BBB1C4FFCC900EDAFDD /* Sources */,
				3F696BBC1C4FFCC900EDAFDD /* Frameworks */,
				3F696BBD1C4FFCC900EDAFDD /* Resources */,
			);
			buildRules = (
			);
			dependencies = (
				3F696BC11C4FFCC900EDAFDD /* PBXTargetDependency */,
			);
			name = "College Profile BuilderTests";
			productName = "College Profile BuilderTests";
			productReference = 3F696BBF1C4FFCC900EDAFDD /* College Profile BuilderTests.xctest */;
			productType = "com.apple.product-type.bundle.unit-test";
		};
		3F696BC91C4FFCC900EDAFDD /* College Profile BuilderUITests */ = {
			isa = PBXNativeTarget;
			buildConfigurationList = 3F696BD91C4FFCC900EDAFDD /* Build configuration list for PBXNativeTarget "College Profile BuilderUITests" */;
			buildPhases = (
				3F696BC61C4FFCC900EDAFDD /* Sources */,
				3F696BC71C4FFCC900EDAFDD /* Frameworks */,
				3F696BC81C4FFCC900EDAFDD /* Resources */,
			);
			buildRules = (
			);
			dependencies = (
				3F696BCC1C4FFCC900EDAFDD /* PBXTargetDependency */,
			);
			name = "College Profile BuilderUITests";
			productName = "College Profile BuilderUITests";
			productReference = 3F696BCA1C4FFCC900EDAFDD /* College Profile BuilderUITests.xctest */;
			productType = "com.apple.product-type.bundle.ui-testing";
		};
/* End PBXNativeTarget section */

/* Begin PBXProject section */
		3F696BA31C4FFCC800EDAFDD /* Project object */ = {
			isa = PBXProject;
			attributes = {
				LastSwiftUpdateCheck = 0710;
				LastUpgradeCheck = 0710;
				ORGANIZATIONNAME = Student;
				TargetAttributes = {
					3F696BAA1C4FFCC800EDAFDD = {
						CreatedOnToolsVersion = 7.1.1;
					};
					3F696BBE1C4FFCC900EDAFDD = {
						CreatedOnToolsVersion = 7.1.1;
						TestTargetID = 3F696BAA1C4FFCC800EDAFDD;
					};
					3F696BC91C4FFCC900EDAFDD = {
						CreatedOnToolsVersion = 7.1.1;
						TestTargetID = 3F696BAA1C4FFCC800EDAFDD;
					};
				};
			};
			buildConfigurationList = 3F696BA61C4FFCC800EDAFDD /* Build configuration list for PBXProject "College Profile Builder" */;
			compatibilityVersion = "Xcode 3.2";
			developmentRegion = English;
			hasScannedForEncodings = 0;
			knownRegions = (
				en,
				Base,
			);
			mainGroup = 3F696BA21C4FFCC800EDAFDD;
			productRefGroup = 3F696BAC1C4FFCC800EDAFDD /* Products */;
			projectDirPath = "";
			projectRoot = "";
			targets = (
				3F696BAA1C4FFCC800EDAFDD /* College Profile Builder */,
				3F696BBE1C4FFCC900EDAFDD /* College Profile BuilderTests */,
				3F696BC91C4FFCC900EDAFDD /* College Profile BuilderUITests */,
			);
		};
/* End PBXProject section */

/* Begin PBXResourcesBuildPhase section */
		3F696BA91C4FFCC800EDAFDD /* Resources */ = {
			isa = PBXResourcesBuildPhase;
			buildActionMask = 2147483647;
			files = (
				3F696BB91C4FFCC800EDAFDD /* LaunchScreen.storyboard in Resources */,
				3F696BB61C4FFCC800EDAFDD /* Assets.xcassets in Resources */,
				3F696BB41C4FFCC800EDAFDD /* Main.storyboard in Resources */,
			);
			runOnlyForDeploymentPostprocessing = 0;
		};
		3F696BBD1C4FFCC900EDAFDD /* Resources */ = {
			isa = PBXResourcesBuildPhase;
			buildActionMask = 2147483647;
			files = (
			);
			runOnlyForDeploymentPostprocessing = 0;
		};
		3F696BC81C4FFCC900EDAFDD /* Resources */ = {
			isa = PBXResourcesBuildPhase;
			buildActionMask = 2147483647;
			files = (
			);
			runOnlyForDeploymentPostprocessing = 0;
		};
/* End PBXResourcesBuildPhase section */

/* Begin PBXSourcesBuildPhase section */
		3F696BA71C4FFCC800EDAFDD /* Sources */ = {
			isa = PBXSourcesBuildPhase;
			buildActionMask = 2147483647;
			files = (
				3F696BB11C4FFCC800EDAFDD /* ViewController.swift in Sources */,
				3F696BAF1C4FFCC800EDAFDD /* AppDelegate.swift in Sources */,
				3F0D95C81C5A943000417681 /* College.swift in Sources */,
			);
			runOnlyForDeploymentPostprocessing = 0;
		};
		3F696BBB1C4FFCC900EDAFDD /* Sources */ = {
			isa = PBXSourcesBuildPhase;
			buildActionMask = 2147483647;
			files = (
				3F696BC41C4FFCC900EDAFDD /* College_Profile_BuilderTests.swift in Sources */,
			);
			runOnlyForDeploymentPostprocessing = 0;
		};
		3F696BC61C4FFCC900EDAFDD /* Sources */ = {
			isa = PBXSourcesBuildPhase;
			buildActionMask = 2147483647;
			files = (
				3F696BCF1C4FFCC900EDAFDD /* College_Profile_BuilderUITests.swift in Sources */,
			);
			runOnlyForDeploymentPostprocessing = 0;
		};
/* End PBXSourcesBuildPhase section */

/* Begin PBXTargetDependency section */
		3F696BC11C4FFCC900EDAFDD /* PBXTargetDependency */ = {
			isa = PBXTargetDependency;
			target = 3F696BAA1C4FFCC800EDAFDD /* College Profile Builder */;
			targetProxy = 3F696BC01C4FFCC900EDAFDD /* PBXContainerItemProxy */;
		};
		3F696BCC1C4FFCC900EDAFDD /* PBXTargetDependency */ = {
			isa = PBXTargetDependency;
			target = 3F696BAA1C4FFCC800EDAFDD /* College Profile Builder */;
			targetProxy = 3F696BCB1C4FFCC900EDAFDD /* PBXContainerItemProxy */;
		};
/* End PBXTargetDependency section */

/* Begin PBXVariantGroup section */
		3F696BB21C4FFCC800EDAFDD /* Main.storyboard */ = {
			isa = PBXVariantGroup;
			children = (
				3F696BB31C4FFCC800EDAFDD /* Base */,
			);
			name = Main.storyboard;
			sourceTree = "<group>";
		};
		3F696BB71C4FFCC800EDAFDD /* LaunchScreen.storyboard */ = {
			isa = PBXVariantGroup;
			children = (
				3F696BB81C4FFCC800EDAFDD /* Base */,
			);
			name = LaunchScreen.storyboard;
			sourceTree = "<group>";
		};
/* End PBXVariantGroup section */

/* Begin XCBuildConfiguration section */
		3F696BD11C4FFCC900EDAFDD /* Debug */ = {
			isa = XCBuildConfiguration;
			buildSettings = {
				ALWAYS_SEARCH_USER_PATHS = NO;
				CLANG_CXX_LANGUAGE_STANDARD = "gnu++0x";
				CLANG_CXX_LIBRARY = "libc++";
				CLANG_ENABLE_MODULES = YES;
				CLANG_ENABLE_OBJC_ARC = YES;
				CLANG_WARN_BOOL_CONVERSION = YES;
				CLANG_WARN_CONSTANT_CONVERSION = YES;
				CLANG_WARN_DIRECT_OBJC_ISA_USAGE = YES_ERROR;
				CLANG_WARN_EMPTY_BODY = YES;
				CLANG_WARN_ENUM_CONVERSION = YES;
				CLANG_WARN_INT_CONVERSION = YES;
				CLANG_WARN_OBJC_ROOT_CLASS = YES_ERROR;
				CLANG_WARN_UNREACHABLE_CODE = YES;
				CLANG_WARN__DUPLICATE_METHOD_MATCH = YES;
				"CODE_SIGN_IDENTITY[sdk=iphoneos*]" = "iPhone Developer";
				COPY_PHASE_STRIP = NO;
				DEBUG_INFORMATION_FORMAT = dwarf;
				ENABLE_STRICT_OBJC_MSGSEND = YES;
				ENABLE_TESTABILITY = YES;
				GCC_C_LANGUAGE_STANDARD = gnu99;
				GCC_DYNAMIC_NO_PIC = NO;
				GCC_NO_COMMON_BLOCKS = YES;
				GCC_OPTIMIZATION_LEVEL = 0;
				GCC_PREPROCESSOR_DEFINITIONS = (
					"DEBUG=1",
					"$(inherited)",
				);
				GCC_WARN_64_TO_32_BIT_CONVERSION = YES;
				GCC_WARN_ABOUT_RETURN_TYPE = YES_ERROR;
				GCC_WARN_UNDECLARED_SELECTOR = YES;
				GCC_WARN_UNINITIALIZED_AUTOS = YES_AGGRESSIVE;
				GCC_WARN_UNUSED_FUNCTION = YES;
				GCC_WARN_UNUSED_VARIABLE = YES;
				IPHONEOS_DEPLOYMENT_TARGET = 9.1;
				MTL_ENABLE_DEBUG_INFO = YES;
				ONLY_ACTIVE_ARCH = YES;
				SDKROOT = iphoneos;
				SWIFT_OPTIMIZATION_LEVEL = "-Onone";
				TARGETED_DEVICE_FAMILY = "1,2";
			};
			name = Debug;
		};
		3F696BD21C4FFCC900EDAFDD /* Release */ = {
			isa = XCBuildConfiguration;
			buildSettings = {
				ALWAYS_SEARCH_USER_PATHS = NO;
				CLANG_CXX_LANGUAGE_STANDARD = "gnu++0x";
				CLANG_CXX_LIBRARY = "libc++";
				CLANG_ENABLE_MODULES = YES;
				CLANG_ENABLE_OBJC_ARC = YES;
				CLANG_WARN_BOOL_CONVERSION = YES;
				CLANG_WARN_CONSTANT_CONVERSION = YES;
				CLANG_WARN_DIRECT_OBJC_ISA_USAGE = YES_ERROR;
				CLANG_WARN_EMPTY_BODY = YES;
				CLANG_WARN_ENUM_CONVERSION = YES;
				CLANG_WARN_INT_CONVERSION = YES;
				CLANG_WARN_OBJC_ROOT_CLASS = YES_ERROR;
				CLANG_WARN_UNREACHABLE_CODE = YES;
				CLANG_WARN__DUPLICATE_METHOD_MATCH = YES;
				"CODE_SIGN_IDENTITY[sdk=iphoneos*]" = "iPhone Developer";
				COPY_PHASE_STRIP = NO;
				DEBUG_INFORMATION_FORMAT = "dwarf-with-dsym";
				ENABLE_NS_ASSERTIONS = NO;
				ENABLE_STRICT_OBJC_MSGSEND = YES;
				GCC_C_LANGUAGE_STANDARD = gnu99;
				GCC_NO_COMMON_BLOCKS = YES;
				GCC_WARN_64_TO_32_BIT_CONVERSION = YES;
				GCC_WARN_ABOUT_RETURN_TYPE = YES_ERROR;
				GCC_WARN_UNDECLARED_SELECTOR = YES;
				GCC_WARN_UNINITIALIZED_AUTOS = YES_AGGRESSIVE;
				GCC_WARN_UNUSED_FUNCTION = YES;
				GCC_WARN_UNUSED_VARIABLE = YES;
				IPHONEOS_DEPLOYMENT_TARGET = 9.1;
				MTL_ENABLE_DEBUG_INFO = NO;
				SDKROOT = iphoneos;
				TARGETED_DEVICE_FAMILY = "1,2";
				VALIDATE_PRODUCT = YES;
			};
			name = Release;
		};
		3F696BD41C4FFCC900EDAFDD /* Debug */ = {
			isa = XCBuildConfiguration;
			buildSettings = {
				ASSETCATALOG_COMPILER_APPICON_NAME = AppIcon;
				INFOPLIST_FILE = "College Profile Builder/Info.plist";
				LD_RUNPATH_SEARCH_PATHS = "$(inherited) @executable_path/Frameworks";
				PRODUCT_BUNDLE_IDENTIFIER = "whatever-you-wish.College-Profile-Builder";
				PRODUCT_NAME = "$(TARGET_NAME)";
			};
			name = Debug;
		};
		3F696BD51C4FFCC900EDAFDD /* Release */ = {
			isa = XCBuildConfiguration;
			buildSettings = {
				ASSETCATALOG_COMPILER_APPICON_NAME = AppIcon;
				INFOPLIST_FILE = "College Profile Builder/Info.plist";
				LD_RUNPATH_SEARCH_PATHS = "$(inherited) @executable_path/Frameworks";
				PRODUCT_BUNDLE_IDENTIFIER = "whatever-you-wish.College-Profile-Builder";
				PRODUCT_NAME = "$(TARGET_NAME)";
			};
			name = Release;
		};
		3F696BD71C4FFCC900EDAFDD /* Debug */ = {
			isa = XCBuildConfiguration;
			buildSettings = {
				BUNDLE_LOADER = "$(TEST_HOST)";
				INFOPLIST_FILE = "College Profile BuilderTests/Info.plist";
				LD_RUNPATH_SEARCH_PATHS = "$(inherited) @executable_path/Frameworks @loader_path/Frameworks";
				PRODUCT_BUNDLE_IDENTIFIER = "whatever-you-wish.College-Profile-BuilderTests";
				PRODUCT_NAME = "$(TARGET_NAME)";
				TEST_HOST = "$(BUILT_PRODUCTS_DIR)/College Profile Builder.app/College Profile Builder";
			};
			name = Debug;
		};
		3F696BD81C4FFCC900EDAFDD /* Release */ = {
			isa = XCBuildConfiguration;
			buildSettings = {
				BUNDLE_LOADER = "$(TEST_HOST)";
				INFOPLIST_FILE = "College Profile BuilderTests/Info.plist";
				LD_RUNPATH_SEARCH_PATHS = "$(inherited) @executable_path/Frameworks @loader_path/Frameworks";
				PRODUCT_BUNDLE_IDENTIFIER = "whatever-you-wish.College-Profile-BuilderTests";
				PRODUCT_NAME = "$(TARGET_NAME)";
				TEST_HOST = "$(BUILT_PRODUCTS_DIR)/College Profile Builder.app/College Profile Builder";
			};
			name = Release;
		};
		3F696BDA1C4FFCC900EDAFDD /* Debug */ = {
			isa = XCBuildConfiguration;
			buildSettings = {
				INFOPLIST_FILE = "College Profile BuilderUITests/Info.plist";
				LD_RUNPATH_SEARCH_PATHS = "$(inherited) @executable_path/Frameworks @loader_path/Frameworks";
				PRODUCT_BUNDLE_IDENTIFIER = "whatever-you-wish.College-Profile-BuilderUITests";
				PRODUCT_NAME = "$(TARGET_NAME)";
				TEST_TARGET_NAME = "College Profile Builder";
				USES_XCTRUNNER = YES;
			};
			name = Debug;
		};
		3F696BDB1C4FFCC900EDAFDD /* Release */ = {
			isa = XCBuildConfiguration;
			buildSettings = {
				INFOPLIST_FILE = "College Profile BuilderUITests/Info.plist";
				LD_RUNPATH_SEARCH_PATHS = "$(inherited) @executable_path/Frameworks @loader_path/Frameworks";
				PRODUCT_BUNDLE_IDENTIFIER = "whatever-you-wish.College-Profile-BuilderUITests";
				PRODUCT_NAME = "$(TARGET_NAME)";
				TEST_TARGET_NAME = "College Profile Builder";
				USES_XCTRUNNER = YES;
			};
			name = Release;
		};
/* End XCBuildConfiguration section */

/* Begin XCConfigurationList section */
		3F696BA61C4FFCC800EDAFDD /* Build configuration list for PBXProject "College Profile Builder" */ = {
			isa = XCConfigurationList;
			buildConfigurations = (
				3F696BD11C4FFCC900EDAFDD /* Debug */,
				3F696BD21C4FFCC900EDAFDD /* Release */,
			);
			defaultConfigurationIsVisible = 0;
			defaultConfigurationName = Release;
		};
		3F696BD31C4FFCC900EDAFDD /* Build configuration list for PBXNativeTarget "College Profile Builder" */ = {
			isa = XCConfigurationList;
			buildConfigurations = (
				3F696BD41C4FFCC900EDAFDD /* Debug */,
				3F696BD51C4FFCC900EDAFDD /* Release */,
			);
			defaultConfigurationIsVisible = 0;
			defaultConfigurationName = Release;
		};
		3F696BD61C4FFCC900EDAFDD /* Build configuration list for PBXNativeTarget "College Profile BuilderTests" */ = {
			isa = XCConfigurationList;
			buildConfigurations = (
				3F696BD71C4FFCC900EDAFDD /* Debug */,
				3F696BD81C4FFCC900EDAFDD /* Release */,
			);
			defaultConfigurationIsVisible = 0;
			defaultConfigurationName = Release;
		};
		3F696BD91C4FFCC900EDAFDD /* Build configuration list for PBXNativeTarget "College Profile BuilderUITests" */ = {
			isa = XCConfigurationList;
			buildConfigurations = (
				3F696BDA1C4FFCC900EDAFDD /* Debug */,
				3F696BDB1C4FFCC900EDAFDD /* Release */,
			);
			defaultConfigurationIsVisible = 0;
			defaultConfigurationName = Release;
		};
/* End XCConfigurationList section */
	};
	rootObject = 3F696BA31C4FFCC800EDAFDD /* Project object */;
}
